lockfileVersion: '9.0'

settings:
  autoInstallPeers: true
  excludeLinksFromLockfile: false

importers:

  .:
    dependencies:
      '@types/module-alias':
        specifier: ^2.0.4
        version: 2.0.4
      module-alias:
        specifier: ^2.2.3
        version: 2.2.3

packages:

  '@types/module-alias@2.0.4':
    resolution: {integrity: sha512-5+G/QXO/DvHZw60FjvbDzO4JmlD/nG5m2/vVGt25VN1eeP3w2bCoks1Wa7VuptMPM1TxJdx6RjO70N9Fw0nZPA==}

  module-alias@2.2.3:
    resolution: {integrity: sha512-23g5BFj4zdQL/b6tor7Ji+QY4pEfNH784BMslY9Qb0UnJWRAt+lQGLYmRaM0KDBwIG23ffEBELhZDP2rhi9f/Q==}

snapshots:

  '@types/module-alias@2.0.4': {}

  module-alias@2.2.3: {}
